
Microsoft Visual Studio Solution File, Format Version 12.00
# Visual Studio Version 17
VisualStudioVersion = 17.2.32630.192
MinimumVisualStudioVersion = 10.0.40219.1
Project("{FAE04EC0-301F-11D3-BF4B-00C04F79EFBC}") = "ConsoleApp1", "ConsoleApp1.csproj", "{7CDF4868-59AA-40EE-AB82-804E26864F60}"
EndProject
Global
	GlobalSection(SolutionConfigurationPlatforms) = preSolution
		Debug|Any CPU = Debug|Any CPU
		Release|Any CPU = Release|Any CPU
	EndGlobalSection
	GlobalSection(ProjectConfigurationPlatforms) = postSolution
		{7CDF4868-59AA-40EE-AB82-804E26864F60}.Debug|Any CPU.ActiveCfg = Debug|Any CPU
		{7CDF4868-59AA-40EE-AB82-804E26864F60}.Debug|Any CPU.Build.0 = Debug|Any CPU
		{7CDF4868-59AA-40EE-AB82-804E26864F60}.Release|Any CPU.ActiveCfg = Release|Any CPU
		{7CDF4868-59AA-40EE-AB82-804E26864F60}.Release|Any CPU.Build.0 = Release|Any CPU
	EndGlobalSection
	GlobalSection(SolutionProperties) = preSolution
		HideSolutionNode = FALSE
	EndGlobalSection
	GlobalSection(ExtensibilityGlobals) = postSolution
		SolutionGuid = {D9039550-C00E-4699-A6CA-FC45498F950A}
	EndGlobalSection
EndGlobal
