
Microsoft Visual Studio Solution File, Format Version 12.00
# Visual Studio Version 17
VisualStudioVersion = 17.14.36414.22 d17.14
MinimumVisualStudioVersion = 10.0.40219.1
Project("{FAE04EC0-301F-11D3-BF4B-00C04F79EFBC}") = "HelloWorld", "HelloWorld\HelloWorld.csproj", "{DC981941-2283-499E-A24A-DF21F6CC0DB1}"
EndProject
Global
	GlobalSection(SolutionConfigurationPlatforms) = preSolution
		Debug|Any CPU = Debug|Any CPU
		Release|Any CPU = Release|Any CPU
	EndGlobalSection
	GlobalSection(ProjectConfigurationPlatforms) = postSolution
		{DC981941-2283-499E-A24A-DF21F6CC0DB1}.Debug|Any CPU.ActiveCfg = Debug|Any CPU
		{DC981941-2283-499E-A24A-DF21F6CC0DB1}.Debug|Any CPU.Build.0 = Debug|Any CPU
		{DC981941-2283-499E-A24A-DF21F6CC0DB1}.Release|Any CPU.ActiveCfg = Release|Any CPU
		{DC981941-2283-499E-A24A-DF21F6CC0DB1}.Release|Any CPU.Build.0 = Release|Any CPU
	EndGlobalSection
	GlobalSection(SolutionProperties) = preSolution
		HideSolutionNode = FALSE
	EndGlobalSection
	GlobalSection(ExtensibilityGlobals) = postSolution
		SolutionGuid = {7458A584-6393-4B2F-A5CE-1DCABF0A336C}
	EndGlobalSection
EndGlobal
